github.com/moul/http2curl v1.0.0 h1:dRMWoAtb+ePxMlLkrCbAqh4TlPHXvoGUSQ323/9Zahs=
github.com/moul/http2curl v1.0.0/go.mod h1:8UbvGypXm98wA/IqH45anm5Y2Z6ep6O31QGOAZ3H0fQ=
golang.org/x/exp v0.0.0-20230725093048-515e97ebf090 h1:Di6/M8l0O2lCLc6VVRWhgCiApHV8MnQurBnFSHsQtNY=
golang.org/x/exp v0.0.0-20230725093048-515e97ebf090/go.mod h1:FXUEEKJgO7OQYeo8N01OfiKP8RXMtf6e8aTskBGqWdc=
gopkg.in/vmarkovtsev/go-lcss.v1 v1.0.0-20181020221121-dfc501d07ea0 h1:YY+ZVPsg2oJnV1rpzwIWtuCtQk71YFwuk47mMtjraN4=
gopkg.in/vmarkovtsev/go-lcss.v1 v1.0.0-20181020221121-dfc501d07ea0/go.mod h1:6LhSPGi1OSJsWUQZridpjQXWEnDzw7EZAXSjc5SyF8A=
